
Microsoft Visual Studio Solution File, Format Version 12.00
# Visual Studio Version 16
VisualStudioVersion = 16.0.30804.86
MinimumVisualStudioVersion = 10.0.40219.1
Project("{FAE04EC0-301F-11D3-BF4B-00C04F79EFBC}") = "ChatApp", "ChatApp\ChatApp.csproj", "{EB2C8952-FA80-4761-AEBD-C9D11215328F}"
EndProject
Global
	GlobalSection(SolutionConfigurationPlatforms) = preSolution
		Debug|Any CPU = Debug|Any CPU
		Release|Any CPU = Release|Any CPU
	EndGlobalSection
	GlobalSection(ProjectConfigurationPlatforms) = postSolution
		{EB2C8952-FA80-4761-AEBD-C9D11215328F}.Debug|Any CPU.ActiveCfg = Debug|Any CPU
		{EB2C8952-FA80-4761-AEBD-C9D11215328F}.Debug|Any CPU.Build.0 = Debug|Any CPU
		{EB2C8952-FA80-4761-AEBD-C9D11215328F}.Release|Any CPU.ActiveCfg = Release|Any CPU
		{EB2C8952-FA80-4761-AEBD-C9D11215328F}.Release|Any CPU.Build.0 = Release|Any CPU
	EndGlobalSection
	GlobalSection(SolutionProperties) = preSolution
		HideSolutionNode = FALSE
	EndGlobalSection
	GlobalSection(ExtensibilityGlobals) = postSolution
		SolutionGuid = {7BB550E9-71B6-4A67-9D5F-D3ED894D5EC1}
	EndGlobalSection
EndGlobal
